
Microsoft Visual Studio Solution File, Format Version 12.00
# Visual Studio Version 17
VisualStudioVersion = 17.0.31903.59
MinimumVisualStudioVersion = 10.0.40219.1
Project("{2150E333-8FDC-42A3-9474-1A3956D46DE8}") = "Services", "Services", "{003BB524-9761-46A1-93F3-2AAE8A947877}"
EndProject
Project("{2150E333-8FDC-42A3-9474-1A3956D46DE8}") = "TalyerStudio.Customer", "TalyerStudio.Customer", "{03CCACFC-C118-44EC-A59D-931D9D42BAEA}"
EndProject
Project("{FAE04EC0-301F-11D3-BF4B-00C04F79EFBC}") = "TalyerStudio.Customer.API", "Services\TalyerStudio.Customer\TalyerStudio.Customer.API\TalyerStudio.Customer.API.csproj", "{0B051F90-15A9-4A7D-AE10-EC085939FD28}"
EndProject
Project("{FAE04EC0-301F-11D3-BF4B-00C04F79EFBC}") = "TalyerStudio.Customer.Application", "Services\TalyerStudio.Customer\TalyerStudio.Customer.Application\TalyerStudio.Customer.Application.csproj", "{EFE20830-8F27-4BE4-B9A2-487ED6916F64}"
EndProject
Project("{FAE04EC0-301F-11D3-BF4B-00C04F79EFBC}") = "TalyerStudio.Customer.Domain", "Services\TalyerStudio.Customer\TalyerStudio.Customer.Domain\TalyerStudio.Customer.Domain.csproj", "{EE672F1E-A9AE-458A-BC31-71D04A5B8257}"
EndProject
Project("{FAE04EC0-301F-11D3-BF4B-00C04F79EFBC}") = "TalyerStudio.Customer.Infrastructure", "Services\TalyerStudio.Customer\TalyerStudio.Customer.Infrastructure\TalyerStudio.Customer.Infrastructure.csproj", "{38DF31BF-38F1-44BD-9677-B85199F6B7E8}"
EndProject
Project("{2150E333-8FDC-42A3-9474-1A3956D46DE8}") = "Shared", "Shared", "{9235FEB9-66EE-494D-A96F-6CDAD64E6916}"
EndProject
Project("{FAE04EC0-301F-11D3-BF4B-00C04F79EFBC}") = "TalyerStudio.Shared.Contracts", "Shared\TalyerStudio.Shared.Contracts\TalyerStudio.Shared.Contracts.csproj", "{90708BCB-7A17-4545-ACD3-7540A641B422}"
EndProject
Project("{FAE04EC0-301F-11D3-BF4B-00C04F79EFBC}") = "TalyerStudio.Shared.Events", "Shared\TalyerStudio.Shared.Events\TalyerStudio.Shared.Events.csproj", "{C0529B52-9B5A-466F-B9FE-685A6D96C833}"
EndProject
Project("{FAE04EC0-301F-11D3-BF4B-00C04F79EFBC}") = "TalyerStudio.Shared.Infrastructure", "Shared\TalyerStudio.Shared.Infrastructure\TalyerStudio.Shared.Infrastructure.csproj", "{B3B11EE0-5847-4199-939A-3051BA52ADE1}"
EndProject
Project("{2150E333-8FDC-42A3-9474-1A3956D46DE8}") = "TalyerStudio.Vehicle", "TalyerStudio.Vehicle", "{E5610DEA-3E3A-4456-9FB4-BBDA6C9DCC76}"
EndProject
Project("{FAE04EC0-301F-11D3-BF4B-00C04F79EFBC}") = "TalyerStudio.Vehicle.API", "Services\TalyerStudio.Vehicle\TalyerStudio.Vehicle.API\TalyerStudio.Vehicle.API.csproj", "{9BDE2102-D8E8-494A-8689-B2FC3F42D459}"
EndProject
Project("{FAE04EC0-301F-11D3-BF4B-00C04F79EFBC}") = "TalyerStudio.Vehicle.Application", "Services\TalyerStudio.Vehicle\TalyerStudio.Vehicle.Application\TalyerStudio.Vehicle.Application.csproj", "{A585719D-1C04-44A0-A7B6-A79DA4D0221D}"
EndProject
Project("{FAE04EC0-301F-11D3-BF4B-00C04F79EFBC}") = "TalyerStudio.Vehicle.Domain", "Services\TalyerStudio.Vehicle\TalyerStudio.Vehicle.Domain\TalyerStudio.Vehicle.Domain.csproj", "{DDC1C7E7-E066-4201-A382-F046C164C9FF}"
EndProject
Project("{FAE04EC0-301F-11D3-BF4B-00C04F79EFBC}") = "TalyerStudio.Vehicle.Infrastructure", "Services\TalyerStudio.Vehicle\TalyerStudio.Vehicle.Infrastructure\TalyerStudio.Vehicle.Infrastructure.csproj", "{A56CF4C8-C840-43FC-A309-1702AA8C8873}"
EndProject
Project("{2150E333-8FDC-42A3-9474-1A3956D46DE8}") = "TalyerStudio.JobOrder", "TalyerStudio.JobOrder", "{303693A3-8955-48CE-A87E-824ABCA09153}"
EndProject
Project("{FAE04EC0-301F-11D3-BF4B-00C04F79EFBC}") = "TalyerStudio.JobOrder.Domain", "Services\TalyerStudio.JobOrder\TalyerStudio.JobOrder.Domain\TalyerStudio.JobOrder.Domain.csproj", "{279D6E24-7CA1-4098-B1EB-A61F20F1CADC}"
EndProject
Project("{FAE04EC0-301F-11D3-BF4B-00C04F79EFBC}") = "TalyerStudio.JobOrder.Application", "Services\TalyerStudio.JobOrder\TalyerStudio.JobOrder.Application\TalyerStudio.JobOrder.Application.csproj", "{2C454904-96C2-43C2-AE5E-1875CB955810}"
EndProject
Project("{FAE04EC0-301F-11D3-BF4B-00C04F79EFBC}") = "TalyerStudio.JobOrder.Infrastructure", "Services\TalyerStudio.JobOrder\TalyerStudio.JobOrder.Infrastructure\TalyerStudio.JobOrder.Infrastructure.csproj", "{84B9F2D2-3AF4-47A5-9381-16C35778DBDA}"
EndProject
Project("{FAE04EC0-301F-11D3-BF4B-00C04F79EFBC}") = "TalyerStudio.JobOrder.API", "Services\TalyerStudio.JobOrder\TalyerStudio.JobOrder.API\TalyerStudio.JobOrder.API.csproj", "{526CB4A4-CD2D-43F2-86F4-DFDFF8DAEC6A}"
EndProject
Project("{2150E333-8FDC-42A3-9474-1A3956D46DE8}") = "TalyerStudio.Inventory", "TalyerStudio.Inventory", "{A7D576D9-8B4A-4C5F-A798-425BD6881906}"
EndProject
Project("{FAE04EC0-301F-11D3-BF4B-00C04F79EFBC}") = "TalyerStudio.Inventory.Domain", "Services\TalyerStudio.Inventory\TalyerStudio.Inventory.Domain\TalyerStudio.Inventory.Domain.csproj", "{89993A6D-FDBF-4214-84C2-BFF5C2D1EB95}"
EndProject
Project("{FAE04EC0-301F-11D3-BF4B-00C04F79EFBC}") = "TalyerStudio.Inventory.Application", "Services\TalyerStudio.Inventory\TalyerStudio.Inventory.Application\TalyerStudio.Inventory.Application.csproj", "{A189A3F3-CFC8-4CF5-8D14-BCBEE96B1378}"
EndProject
Project("{FAE04EC0-301F-11D3-BF4B-00C04F79EFBC}") = "TalyerStudio.Inventory.Infrastructure", "Services\TalyerStudio.Inventory\TalyerStudio.Inventory.Infrastructure\TalyerStudio.Inventory.Infrastructure.csproj", "{9B78E76F-FDB3-4275-8770-A65A997A6BB5}"
EndProject
Project("{FAE04EC0-301F-11D3-BF4B-00C04F79EFBC}") = "TalyerStudio.Inventory.API", "Services\TalyerStudio.Inventory\TalyerStudio.Inventory.API\TalyerStudio.Inventory.API.csproj", "{7CC17EF4-EFB7-4D8C-8C97-4B212A008774}"
EndProject
Project("{2150E333-8FDC-42A3-9474-1A3956D46DE8}") = "TalyerStudio.Invoice", "TalyerStudio.Invoice", "{B13B32DC-FAF9-494E-B285-577D7E8AAC04}"
EndProject
Project("{FAE04EC0-301F-11D3-BF4B-00C04F79EFBC}") = "TalyerStudio.Invoice.Domain", "Services\TalyerStudio.Invoice\TalyerStudio.Invoice.Domain\TalyerStudio.Invoice.Domain.csproj", "{0ED3B1BB-2F5E-40D6-90EA-B9B44A8466B8}"
EndProject
Project("{FAE04EC0-301F-11D3-BF4B-00C04F79EFBC}") = "TalyerStudio.Invoice.Application", "Services\TalyerStudio.Invoice\TalyerStudio.Invoice.Application\TalyerStudio.Invoice.Application.csproj", "{C2C0D450-56B6-4E68-AC74-9877B7381E19}"
EndProject
Project("{FAE04EC0-301F-11D3-BF4B-00C04F79EFBC}") = "TalyerStudio.Invoice.Infrastructure", "Services\TalyerStudio.Invoice\TalyerStudio.Invoice.Infrastructure\TalyerStudio.Invoice.Infrastructure.csproj", "{0B797586-A47F-4658-9139-3C1B2499BF6C}"
EndProject
Project("{FAE04EC0-301F-11D3-BF4B-00C04F79EFBC}") = "TalyerStudio.Invoice.API", "Services\TalyerStudio.Invoice\TalyerStudio.Invoice.API\TalyerStudio.Invoice.API.csproj", "{BB9A146F-99B3-4C91-9027-CED01A1FCA2C}"
EndProject
Project("{2150E333-8FDC-42A3-9474-1A3956D46DE8}") = "TalyerStudio.Auth", "TalyerStudio.Auth", "{A0904A9F-334D-48D8-8F8C-62CEA2236E6D}"
EndProject
Project("{FAE04EC0-301F-11D3-BF4B-00C04F79EFBC}") = "TalyerStudio.Auth.Domain", "Services\TalyerStudio.Auth\TalyerStudio.Auth.Domain\TalyerStudio.Auth.Domain.csproj", "{12E5FEF7-3F7E-4C62-8C5C-03CF683017E5}"
EndProject
Project("{FAE04EC0-301F-11D3-BF4B-00C04F79EFBC}") = "TalyerStudio.Auth.Application", "Services\TalyerStudio.Auth\TalyerStudio.Auth.Application\TalyerStudio.Auth.Application.csproj", "{E2C54389-FE22-48EB-819D-D21A4AC2D6D8}"
EndProject
Project("{FAE04EC0-301F-11D3-BF4B-00C04F79EFBC}") = "TalyerStudio.Auth.Infrastructure", "Services\TalyerStudio.Auth\TalyerStudio.Auth.Infrastructure\TalyerStudio.Auth.Infrastructure.csproj", "{FD00C461-28DE-4E47-B050-B6736FEF1FAA}"
EndProject
Project("{FAE04EC0-301F-11D3-BF4B-00C04F79EFBC}") = "TalyerStudio.Auth.API", "Services\TalyerStudio.Auth\TalyerStudio.Auth.API\TalyerStudio.Auth.API.csproj", "{EA1084ED-A440-4E5B-B7C9-5BFCBFF84C75}"
EndProject
Global
	GlobalSection(SolutionConfigurationPlatforms) = preSolution
		Debug|Any CPU = Debug|Any CPU
		Release|Any CPU = Release|Any CPU
	EndGlobalSection
	GlobalSection(SolutionProperties) = preSolution
		HideSolutionNode = FALSE
	EndGlobalSection
	GlobalSection(ProjectConfigurationPlatforms) = postSolution
		{0B051F90-15A9-4A7D-AE10-EC085939FD28}.Debug|Any CPU.ActiveCfg = Debug|Any CPU
		{0B051F90-15A9-4A7D-AE10-EC085939FD28}.Debug|Any CPU.Build.0 = Debug|Any CPU
		{0B051F90-15A9-4A7D-AE10-EC085939FD28}.Release|Any CPU.ActiveCfg = Release|Any CPU
		{0B051F90-15A9-4A7D-AE10-EC085939FD28}.Release|Any CPU.Build.0 = Release|Any CPU
		{EFE20830-8F27-4BE4-B9A2-487ED6916F64}.Debug|Any CPU.ActiveCfg = Debug|Any CPU
		{EFE20830-8F27-4BE4-B9A2-487ED6916F64}.Debug|Any CPU.Build.0 = Debug|Any CPU
		{EFE20830-8F27-4BE4-B9A2-487ED6916F64}.Release|Any CPU.ActiveCfg = Release|Any CPU
		{EFE20830-8F27-4BE4-B9A2-487ED6916F64}.Release|Any CPU.Build.0 = Release|Any CPU
		{EE672F1E-A9AE-458A-BC31-71D04A5B8257}.Debug|Any CPU.ActiveCfg = Debug|Any CPU
		{EE672F1E-A9AE-458A-BC31-71D04A5B8257}.Debug|Any CPU.Build.0 = Debug|Any CPU
		{EE672F1E-A9AE-458A-BC31-71D04A5B8257}.Release|Any CPU.ActiveCfg = Release|Any CPU
		{EE672F1E-A9AE-458A-BC31-71D04A5B8257}.Release|Any CPU.Build.0 = Release|Any CPU
		{38DF31BF-38F1-44BD-9677-B85199F6B7E8}.Debug|Any CPU.ActiveCfg = Debug|Any CPU
		{38DF31BF-38F1-44BD-9677-B85199F6B7E8}.Debug|Any CPU.Build.0 = Debug|Any CPU
		{38DF31BF-38F1-44BD-9677-B85199F6B7E8}.Release|Any CPU.ActiveCfg = Release|Any CPU
		{38DF31BF-38F1-44BD-9677-B85199F6B7E8}.Release|Any CPU.Build.0 = Release|Any CPU
		{90708BCB-7A17-4545-ACD3-7540A641B422}.Debug|Any CPU.ActiveCfg = Debug|Any CPU
		{90708BCB-7A17-4545-ACD3-7540A641B422}.Debug|Any CPU.Build.0 = Debug|Any CPU
		{90708BCB-7A17-4545-ACD3-7540A641B422}.Release|Any CPU.ActiveCfg = Release|Any CPU
		{90708BCB-7A17-4545-ACD3-7540A641B422}.Release|Any CPU.Build.0 = Release|Any CPU
		{C0529B52-9B5A-466F-B9FE-685A6D96C833}.Debug|Any CPU.ActiveCfg = Debug|Any CPU
		{C0529B52-9B5A-466F-B9FE-685A6D96C833}.Debug|Any CPU.Build.0 = Debug|Any CPU
		{C0529B52-9B5A-466F-B9FE-685A6D96C833}.Release|Any CPU.ActiveCfg = Release|Any CPU
		{C0529B52-9B5A-466F-B9FE-685A6D96C833}.Release|Any CPU.Build.0 = Release|Any CPU
		{B3B11EE0-5847-4199-939A-3051BA52ADE1}.Debug|Any CPU.ActiveCfg = Debug|Any CPU
		{B3B11EE0-5847-4199-939A-3051BA52ADE1}.Debug|Any CPU.Build.0 = Debug|Any CPU
		{B3B11EE0-5847-4199-939A-3051BA52ADE1}.Release|Any CPU.ActiveCfg = Release|Any CPU
		{B3B11EE0-5847-4199-939A-3051BA52ADE1}.Release|Any CPU.Build.0 = Release|Any CPU
		{9BDE2102-D8E8-494A-8689-B2FC3F42D459}.Debug|Any CPU.ActiveCfg = Debug|Any CPU
		{9BDE2102-D8E8-494A-8689-B2FC3F42D459}.Debug|Any CPU.Build.0 = Debug|Any CPU
		{9BDE2102-D8E8-494A-8689-B2FC3F42D459}.Release|Any CPU.ActiveCfg = Release|Any CPU
		{9BDE2102-D8E8-494A-8689-B2FC3F42D459}.Release|Any CPU.Build.0 = Release|Any CPU
		{A585719D-1C04-44A0-A7B6-A79DA4D0221D}.Debug|Any CPU.ActiveCfg = Debug|Any CPU
		{A585719D-1C04-44A0-A7B6-A79DA4D0221D}.Debug|Any CPU.Build.0 = Debug|Any CPU
		{A585719D-1C04-44A0-A7B6-A79DA4D0221D}.Release|Any CPU.ActiveCfg = Release|Any CPU
		{A585719D-1C04-44A0-A7B6-A79DA4D0221D}.Release|Any CPU.Build.0 = Release|Any CPU
		{DDC1C7E7-E066-4201-A382-F046C164C9FF}.Debug|Any CPU.ActiveCfg = Debug|Any CPU
		{DDC1C7E7-E066-4201-A382-F046C164C9FF}.Debug|Any CPU.Build.0 = Debug|Any CPU
		{DDC1C7E7-E066-4201-A382-F046C164C9FF}.Release|Any CPU.ActiveCfg = Release|Any CPU
		{DDC1C7E7-E066-4201-A382-F046C164C9FF}.Release|Any CPU.Build.0 = Release|Any CPU
		{A56CF4C8-C840-43FC-A309-1702AA8C8873}.Debug|Any CPU.ActiveCfg = Debug|Any CPU
		{A56CF4C8-C840-43FC-A309-1702AA8C8873}.Debug|Any CPU.Build.0 = Debug|Any CPU
		{A56CF4C8-C840-43FC-A309-1702AA8C8873}.Release|Any CPU.ActiveCfg = Release|Any CPU
		{A56CF4C8-C840-43FC-A309-1702AA8C8873}.Release|Any CPU.Build.0 = Release|Any CPU
		{279D6E24-7CA1-4098-B1EB-A61F20F1CADC}.Debug|Any CPU.ActiveCfg = Debug|Any CPU
		{279D6E24-7CA1-4098-B1EB-A61F20F1CADC}.Debug|Any CPU.Build.0 = Debug|Any CPU
		{279D6E24-7CA1-4098-B1EB-A61F20F1CADC}.Release|Any CPU.ActiveCfg = Release|Any CPU
		{279D6E24-7CA1-4098-B1EB-A61F20F1CADC}.Release|Any CPU.Build.0 = Release|Any CPU
		{2C454904-96C2-43C2-AE5E-1875CB955810}.Debug|Any CPU.ActiveCfg = Debug|Any CPU
		{2C454904-96C2-43C2-AE5E-1875CB955810}.Debug|Any CPU.Build.0 = Debug|Any CPU
		{2C454904-96C2-43C2-AE5E-1875CB955810}.Release|Any CPU.ActiveCfg = Release|Any CPU
		{2C454904-96C2-43C2-AE5E-1875CB955810}.Release|Any CPU.Build.0 = Release|Any CPU
		{84B9F2D2-3AF4-47A5-9381-16C35778DBDA}.Debug|Any CPU.ActiveCfg = Debug|Any CPU
		{84B9F2D2-3AF4-47A5-9381-16C35778DBDA}.Debug|Any CPU.Build.0 = Debug|Any CPU
		{84B9F2D2-3AF4-47A5-9381-16C35778DBDA}.Release|Any CPU.ActiveCfg = Release|Any CPU
		{84B9F2D2-3AF4-47A5-9381-16C35778DBDA}.Release|Any CPU.Build.0 = Release|Any CPU
		{526CB4A4-CD2D-43F2-86F4-DFDFF8DAEC6A}.Debug|Any CPU.ActiveCfg = Debug|Any CPU
		{526CB4A4-CD2D-43F2-86F4-DFDFF8DAEC6A}.Debug|Any CPU.Build.0 = Debug|Any CPU
		{526CB4A4-CD2D-43F2-86F4-DFDFF8DAEC6A}.Release|Any CPU.ActiveCfg = Release|Any CPU
		{526CB4A4-CD2D-43F2-86F4-DFDFF8DAEC6A}.Release|Any CPU.Build.0 = Release|Any CPU
		{89993A6D-FDBF-4214-84C2-BFF5C2D1EB95}.Debug|Any CPU.ActiveCfg = Debug|Any CPU
		{89993A6D-FDBF-4214-84C2-BFF5C2D1EB95}.Debug|Any CPU.Build.0 = Debug|Any CPU
		{89993A6D-FDBF-4214-84C2-BFF5C2D1EB95}.Release|Any CPU.ActiveCfg = Release|Any CPU
		{89993A6D-FDBF-4214-84C2-BFF5C2D1EB95}.Release|Any CPU.Build.0 = Release|Any CPU
		{A189A3F3-CFC8-4CF5-8D14-BCBEE96B1378}.Debug|Any CPU.ActiveCfg = Debug|Any CPU
		{A189A3F3-CFC8-4CF5-8D14-BCBEE96B1378}.Debug|Any CPU.Build.0 = Debug|Any CPU
		{A189A3F3-CFC8-4CF5-8D14-BCBEE96B1378}.Release|Any CPU.ActiveCfg = Release|Any CPU
		{A189A3F3-CFC8-4CF5-8D14-BCBEE96B1378}.Release|Any CPU.Build.0 = Release|Any CPU
		{9B78E76F-FDB3-4275-8770-A65A997A6BB5}.Debug|Any CPU.ActiveCfg = Debug|Any CPU
		{9B78E76F-FDB3-4275-8770-A65A997A6BB5}.Debug|Any CPU.Build.0 = Debug|Any CPU
		{9B78E76F-FDB3-4275-8770-A65A997A6BB5}.Release|Any CPU.ActiveCfg = Release|Any CPU
		{9B78E76F-FDB3-4275-8770-A65A997A6BB5}.Release|Any CPU.Build.0 = Release|Any CPU
		{7CC17EF4-EFB7-4D8C-8C97-4B212A008774}.Debug|Any CPU.ActiveCfg = Debug|Any CPU
		{7CC17EF4-EFB7-4D8C-8C97-4B212A008774}.Debug|Any CPU.Build.0 = Debug|Any CPU
		{7CC17EF4-EFB7-4D8C-8C97-4B212A008774}.Release|Any CPU.ActiveCfg = Release|Any CPU
		{7CC17EF4-EFB7-4D8C-8C97-4B212A008774}.Release|Any CPU.Build.0 = Release|Any CPU
		{0ED3B1BB-2F5E-40D6-90EA-B9B44A8466B8}.Debug|Any CPU.ActiveCfg = Debug|Any CPU
		{0ED3B1BB-2F5E-40D6-90EA-B9B44A8466B8}.Debug|Any CPU.Build.0 = Debug|Any CPU
		{0ED3B1BB-2F5E-40D6-90EA-B9B44A8466B8}.Release|Any CPU.ActiveCfg = Release|Any CPU
		{0ED3B1BB-2F5E-40D6-90EA-B9B44A8466B8}.Release|Any CPU.Build.0 = Release|Any CPU
		{C2C0D450-56B6-4E68-AC74-9877B7381E19}.Debug|Any CPU.ActiveCfg = Debug|Any CPU
		{C2C0D450-56B6-4E68-AC74-9877B7381E19}.Debug|Any CPU.Build.0 = Debug|Any CPU
		{C2C0D450-56B6-4E68-AC74-9877B7381E19}.Release|Any CPU.ActiveCfg = Release|Any CPU
		{C2C0D450-56B6-4E68-AC74-9877B7381E19}.Release|Any CPU.Build.0 = Release|Any CPU
		{0B797586-A47F-4658-9139-3C1B2499BF6C}.Debug|Any CPU.ActiveCfg = Debug|Any CPU
		{0B797586-A47F-4658-9139-3C1B2499BF6C}.Debug|Any CPU.Build.0 = Debug|Any CPU
		{0B797586-A47F-4658-9139-3C1B2499BF6C}.Release|Any CPU.ActiveCfg = Release|Any CPU
		{0B797586-A47F-4658-9139-3C1B2499BF6C}.Release|Any CPU.Build.0 = Release|Any CPU
		{BB9A146F-99B3-4C91-9027-CED01A1FCA2C}.Debug|Any CPU.ActiveCfg = Debug|Any CPU
		{BB9A146F-99B3-4C91-9027-CED01A1FCA2C}.Debug|Any CPU.Build.0 = Debug|Any CPU
		{BB9A146F-99B3-4C91-9027-CED01A1FCA2C}.Release|Any CPU.ActiveCfg = Release|Any CPU
		{BB9A146F-99B3-4C91-9027-CED01A1FCA2C}.Release|Any CPU.Build.0 = Release|Any CPU
		{12E5FEF7-3F7E-4C62-8C5C-03CF683017E5}.Debug|Any CPU.ActiveCfg = Debug|Any CPU
		{12E5FEF7-3F7E-4C62-8C5C-03CF683017E5}.Debug|Any CPU.Build.0 = Debug|Any CPU
		{12E5FEF7-3F7E-4C62-8C5C-03CF683017E5}.Release|Any CPU.ActiveCfg = Release|Any CPU
		{12E5FEF7-3F7E-4C62-8C5C-03CF683017E5}.Release|Any CPU.Build.0 = Release|Any CPU
		{E2C54389-FE22-48EB-819D-D21A4AC2D6D8}.Debug|Any CPU.ActiveCfg = Debug|Any CPU
		{E2C54389-FE22-48EB-819D-D21A4AC2D6D8}.Debug|Any CPU.Build.0 = Debug|Any CPU
		{E2C54389-FE22-48EB-819D-D21A4AC2D6D8}.Release|Any CPU.ActiveCfg = Release|Any CPU
		{E2C54389-FE22-48EB-819D-D21A4AC2D6D8}.Release|Any CPU.Build.0 = Release|Any CPU
		{FD00C461-28DE-4E47-B050-B6736FEF1FAA}.Debug|Any CPU.ActiveCfg = Debug|Any CPU
		{FD00C461-28DE-4E47-B050-B6736FEF1FAA}.Debug|Any CPU.Build.0 = Debug|Any CPU
		{FD00C461-28DE-4E47-B050-B6736FEF1FAA}.Release|Any CPU.ActiveCfg = Release|Any CPU
		{FD00C461-28DE-4E47-B050-B6736FEF1FAA}.Release|Any CPU.Build.0 = Release|Any CPU
		{EA1084ED-A440-4E5B-B7C9-5BFCBFF84C75}.Debug|Any CPU.ActiveCfg = Debug|Any CPU
		{EA1084ED-A440-4E5B-B7C9-5BFCBFF84C75}.Debug|Any CPU.Build.0 = Debug|Any CPU
		{EA1084ED-A440-4E5B-B7C9-5BFCBFF84C75}.Release|Any CPU.ActiveCfg = Release|Any CPU
		{EA1084ED-A440-4E5B-B7C9-5BFCBFF84C75}.Release|Any CPU.Build.0 = Release|Any CPU
	EndGlobalSection
	GlobalSection(NestedProjects) = preSolution
		{03CCACFC-C118-44EC-A59D-931D9D42BAEA} = {003BB524-9761-46A1-93F3-2AAE8A947877}
		{0B051F90-15A9-4A7D-AE10-EC085939FD28} = {03CCACFC-C118-44EC-A59D-931D9D42BAEA}
		{EFE20830-8F27-4BE4-B9A2-487ED6916F64} = {03CCACFC-C118-44EC-A59D-931D9D42BAEA}
		{EE672F1E-A9AE-458A-BC31-71D04A5B8257} = {03CCACFC-C118-44EC-A59D-931D9D42BAEA}
		{38DF31BF-38F1-44BD-9677-B85199F6B7E8} = {03CCACFC-C118-44EC-A59D-931D9D42BAEA}
		{90708BCB-7A17-4545-ACD3-7540A641B422} = {9235FEB9-66EE-494D-A96F-6CDAD64E6916}
		{C0529B52-9B5A-466F-B9FE-685A6D96C833} = {9235FEB9-66EE-494D-A96F-6CDAD64E6916}
		{B3B11EE0-5847-4199-939A-3051BA52ADE1} = {9235FEB9-66EE-494D-A96F-6CDAD64E6916}
		{E5610DEA-3E3A-4456-9FB4-BBDA6C9DCC76} = {003BB524-9761-46A1-93F3-2AAE8A947877}
		{9BDE2102-D8E8-494A-8689-B2FC3F42D459} = {E5610DEA-3E3A-4456-9FB4-BBDA6C9DCC76}
		{A585719D-1C04-44A0-A7B6-A79DA4D0221D} = {E5610DEA-3E3A-4456-9FB4-BBDA6C9DCC76}
		{DDC1C7E7-E066-4201-A382-F046C164C9FF} = {E5610DEA-3E3A-4456-9FB4-BBDA6C9DCC76}
		{A56CF4C8-C840-43FC-A309-1702AA8C8873} = {E5610DEA-3E3A-4456-9FB4-BBDA6C9DCC76}
		{303693A3-8955-48CE-A87E-824ABCA09153} = {003BB524-9761-46A1-93F3-2AAE8A947877}
		{279D6E24-7CA1-4098-B1EB-A61F20F1CADC} = {303693A3-8955-48CE-A87E-824ABCA09153}
		{2C454904-96C2-43C2-AE5E-1875CB955810} = {303693A3-8955-48CE-A87E-824ABCA09153}
		{84B9F2D2-3AF4-47A5-9381-16C35778DBDA} = {303693A3-8955-48CE-A87E-824ABCA09153}
		{526CB4A4-CD2D-43F2-86F4-DFDFF8DAEC6A} = {303693A3-8955-48CE-A87E-824ABCA09153}
		{A7D576D9-8B4A-4C5F-A798-425BD6881906} = {003BB524-9761-46A1-93F3-2AAE8A947877}
		{89993A6D-FDBF-4214-84C2-BFF5C2D1EB95} = {A7D576D9-8B4A-4C5F-A798-425BD6881906}
		{A189A3F3-CFC8-4CF5-8D14-BCBEE96B1378} = {A7D576D9-8B4A-4C5F-A798-425BD6881906}
		{9B78E76F-FDB3-4275-8770-A65A997A6BB5} = {A7D576D9-8B4A-4C5F-A798-425BD6881906}
		{7CC17EF4-EFB7-4D8C-8C97-4B212A008774} = {A7D576D9-8B4A-4C5F-A798-425BD6881906}
		{B13B32DC-FAF9-494E-B285-577D7E8AAC04} = {003BB524-9761-46A1-93F3-2AAE8A947877}
		{0ED3B1BB-2F5E-40D6-90EA-B9B44A8466B8} = {B13B32DC-FAF9-494E-B285-577D7E8AAC04}
		{C2C0D450-56B6-4E68-AC74-9877B7381E19} = {B13B32DC-FAF9-494E-B285-577D7E8AAC04}
		{0B797586-A47F-4658-9139-3C1B2499BF6C} = {B13B32DC-FAF9-494E-B285-577D7E8AAC04}
		{BB9A146F-99B3-4C91-9027-CED01A1FCA2C} = {B13B32DC-FAF9-494E-B285-577D7E8AAC04}
		{A0904A9F-334D-48D8-8F8C-62CEA2236E6D} = {003BB524-9761-46A1-93F3-2AAE8A947877}
		{12E5FEF7-3F7E-4C62-8C5C-03CF683017E5} = {A0904A9F-334D-48D8-8F8C-62CEA2236E6D}
		{E2C54389-FE22-48EB-819D-D21A4AC2D6D8} = {A0904A9F-334D-48D8-8F8C-62CEA2236E6D}
		{FD00C461-28DE-4E47-B050-B6736FEF1FAA} = {A0904A9F-334D-48D8-8F8C-62CEA2236E6D}
		{EA1084ED-A440-4E5B-B7C9-5BFCBFF84C75} = {A0904A9F-334D-48D8-8F8C-62CEA2236E6D}
	EndGlobalSection
EndGlobal
